
Microsoft Visual Studio Solution File, Format Version 12.00
# Visual Studio 15
VisualStudioVersion = 15.0.28307.757
MinimumVisualStudioVersion = 10.0.40219.1
Project("{FAE04EC0-301F-11D3-BF4B-00C04F79EFBC}") = "Map", "Map\Map.csproj", "{42FAD62A-0E58-4B55-9EEC-7C5CF60F3471}"
EndProject
Global
	GlobalSection(SolutionConfigurationPlatforms) = preSolution
		Debug|Any CPU = Debug|Any CPU
		Release|Any CPU = Release|Any CPU
	EndGlobalSection
	GlobalSection(ProjectConfigurationPlatforms) = postSolution
		{42FAD62A-0E58-4B55-9EEC-7C5CF60F3471}.Debug|Any CPU.ActiveCfg = Debug|Any CPU
		{42FAD62A-0E58-4B55-9EEC-7C5CF60F3471}.Debug|Any CPU.Build.0 = Debug|Any CPU
		{42FAD62A-0E58-4B55-9EEC-7C5CF60F3471}.Release|Any CPU.ActiveCfg = Release|Any CPU
		{42FAD62A-0E58-4B55-9EEC-7C5CF60F3471}.Release|Any CPU.Build.0 = Release|Any CPU
	EndGlobalSection
	GlobalSection(SolutionProperties) = preSolution
		HideSolutionNode = FALSE
	EndGlobalSection
	GlobalSection(ExtensibilityGlobals) = postSolution
		SolutionGuid = {8F7AD005-7DC4-435E-B2EA-59195CFDF2F7}
	EndGlobalSection
EndGlobal
